
Microsoft Visual Studio Solution File, Format Version 12.00
# Visual Studio Version 16
VisualStudioVersion = 16.0.33328.57
MinimumVisualStudioVersion = 10.0.40219.1
Project("{9A19103F-16F7-4668-BE54-9A1E7A4F7556}") = "SparkAuto", "SparkAuto\SparkAuto.csproj", "{372D03BF-99F5-474D-AD18-47244D7AFE7C}"
EndProject
Global
	GlobalSection(SolutionConfigurationPlatforms) = preSolution
		Debug|Any CPU = Debug|Any CPU
		Release|Any CPU = Release|Any CPU
	EndGlobalSection
	GlobalSection(ProjectConfigurationPlatforms) = postSolution
		{372D03BF-99F5-474D-AD18-47244D7AFE7C}.Debug|Any CPU.ActiveCfg = Debug|Any CPU
		{372D03BF-99F5-474D-AD18-47244D7AFE7C}.Debug|Any CPU.Build.0 = Debug|Any CPU
		{372D03BF-99F5-474D-AD18-47244D7AFE7C}.Release|Any CPU.ActiveCfg = Release|Any CPU
		{372D03BF-99F5-474D-AD18-47244D7AFE7C}.Release|Any CPU.Build.0 = Release|Any CPU
	EndGlobalSection
	GlobalSection(SolutionProperties) = preSolution
		HideSolutionNode = FALSE
	EndGlobalSection
	GlobalSection(ExtensibilityGlobals) = postSolution
		SolutionGuid = {BFB2782F-7D37-41A8-B27A-93D5603463CC}
	EndGlobalSection
EndGlobal
